
Microsoft Visual Studio Solution File, Format Version 12.00
# Visual Studio Version 16
VisualStudioVersion = 16.0.30104.148
MinimumVisualStudioVersion = 10.0.40219.1
Project("{FAE04EC0-301F-11D3-BF4B-00C04F79EFBC}") = "Carac", "Carac\Carac.csproj", "{C12CF96C-B88D-4383-898A-76DC13A0603D}"
EndProject
Global
	GlobalSection(SolutionConfigurationPlatforms) = preSolution
		Debug|Any CPU = Debug|Any CPU
		Release|Any CPU = Release|Any CPU
	EndGlobalSection
	GlobalSection(ProjectConfigurationPlatforms) = postSolution
		{C12CF96C-B88D-4383-898A-76DC13A0603D}.Debug|Any CPU.ActiveCfg = Debug|Any CPU
		{C12CF96C-B88D-4383-898A-76DC13A0603D}.Debug|Any CPU.Build.0 = Debug|Any CPU
		{C12CF96C-B88D-4383-898A-76DC13A0603D}.Release|Any CPU.ActiveCfg = Release|Any CPU
		{C12CF96C-B88D-4383-898A-76DC13A0603D}.Release|Any CPU.Build.0 = Release|Any CPU
	EndGlobalSection
	GlobalSection(SolutionProperties) = preSolution
		HideSolutionNode = FALSE
	EndGlobalSection
	GlobalSection(ExtensibilityGlobals) = postSolution
		SolutionGuid = {89D367CF-73BD-49BD-A743-A2E7085F6D65}
	EndGlobalSection
EndGlobal
